// !$*UTF8*$!
{
	archiveVersion = 1;
	classes = {
	};
	objectVersion = 46;
	objects = {

/* Begin PBXBuildFile section */
		005444B9188E2F2E006C61FB /* Foundation.framework in Frameworks */ = {isa = PBXBuildFile; fileRef = 005444B8188E2F2E006C61FB /* Foundation.framework */; };
		005444BB188E2F2E006C61FB /* CoreGraphics.framework in Frameworks */ = {isa = PBXBuildFile; fileRef = 005444BA188E2F2E006C61FB /* CoreGraphics.framework */; };
		005444BD188E2F2E006C61FB /* UIKit.framework in Frameworks */ = {isa = PBXBuildFile; fileRef = 005444BC188E2F2E006C61FB /* UIKit.framework */; };
		005444C3188E2F2E006C61FB /* InfoPlist.strings in Resources */ = {isa = PBXBuildFile; fileRef = 005444C1188E2F2E006C61FB /* InfoPlist.strings */; };
		005444C5188E2F2E006C61FB /* main.m in Sources */ = {isa = PBXBuildFile; fileRef = 005444C4188E2F2E006C61FB /* main.m */; };
		005444C9188E2F2E006C61FB /* AppDelegate.m in Sources */ = {isa = PBXBuildFile; fileRef = 005444C8188E2F2E006C61FB /* AppDelegate.m */; };
		005444CC188E2F2E006C61FB /* Main.storyboard in Resources */ = {isa = PBXBuildFile; fileRef = 005444CA188E2F2E006C61FB /* Main.storyboard */; };
		005444CF188E2F2E006C61FB /* ViewController.m in Sources */ = {isa = PBXBuildFile; fileRef = 005444CE188E2F2E006C61FB /* ViewController.m */; };
		005444D1188E2F2E006C61FB /* Images.xcassets in Resources */ = {isa = PBXBuildFile; fileRef = 005444D0188E2F2E006C61FB /* Images.xcassets */; };
		005444D8188E2F2E006C61FB /* XCTest.framework in Frameworks */ = {isa = PBXBuildFile; fileRef = 005444D7188E2F2E006C61FB /* XCTest.framework */; };
		005444D9188E2F2E006C61FB /* Foundation.framework in Frameworks */ = {isa = PBXBuildFile; fileRef = 005444B8188E2F2E006C61FB /* Foundation.framework */; };
		005444DA188E2F2E006C61FB /* UIKit.framework in Frameworks */ = {isa = PBXBuildFile; fileRef = 005444BC188E2F2E006C61FB /* UIKit.framework */; };
		005444E2188E2F2E006C61FB /* InfoPlist.strings in Resources */ = {isa = PBXBuildFile; fileRef = 005444E0188E2F2E006C61FB /* InfoPlist.strings */; };
		005444E4188E2F2F006C61FB /* _3pageTests.m in Sources */ = {isa = PBXBuildFile; fileRef = 005444E3188E2F2F006C61FB /* _3pageTests.m */; };
/* End PBXBuildFile section */

/* Begin PBXContainerItemProxy section */
		005444DB188E2F2E006C61FB /* PBXContainerItemProxy */ = {
			isa = PBXContainerItemProxy;
			containerPortal = 005444AD188E2F2E006C61FB /* Project object */;
			proxyType = 1;
			remoteGlobalIDString = 005444B4188E2F2E006C61FB;
			remoteInfo = 83page;
		};
/* End PBXContainerItemProxy section */

/* Begin PBXFileReference section */
		005444B5188E2F2E006C61FB /* 83page.app */ = {isa = PBXFileReference; explicitFileType = wrapper.application; includeInIndex = 0; path = 83page.app; sourceTree = BUILT_PRODUCTS_DIR; };
		005444B8188E2F2E006C61FB /* Foundation.framework */ = {isa = PBXFileReference; lastKnownFileType = wrapper.framework; name = Foundation.framework; path = System/Library/Frameworks/Foundation.framework; sourceTree = SDKROOT; };
		005444BA188E2F2E006C61FB /* CoreGraphics.framework */ = {isa = PBXFileReference; lastKnownFileType = wrapper.framework; name = CoreGraphics.framework; path = System/Library/Frameworks/CoreGraphics.framework; sourceTree = SDKROOT; };
		005444BC188E2F2E006C61FB /* UIKit.framework */ = {isa = PBXFileReference; lastKnownFileType = wrapper.framework; name = UIKit.framework; path = System/Library/Frameworks/UIKit.framework; sourceTree = SDKROOT; };
		005444C0188E2F2E006C61FB /* 83page-Info.plist */ = {isa = PBXFileReference; lastKnownFileType = text.plist.xml; path = "83page-Info.plist"; sourceTree = "<group>"; };
		005444C2188E2F2E006C61FB /* en */ = {isa = PBXFileReference; lastKnownFileType = text.plist.strings; name = en; path = en.lproj/InfoPlist.strings; sourceTree = "<group>"; };
		005444C4188E2F2E006C61FB /* main.m */ = {isa = PBXFileReference; lastKnownFileType = sourcecode.c.objc; path = main.m; sourceTree = "<group>"; };
		005444C6188E2F2E006C61FB /* 83page-Prefix.pch */ = {isa = PBXFileReference; lastKnownFileType = sourcecode.c.h; path = "83page-Prefix.pch"; sourceTree = "<group>"; };
		005444C7188E2F2E006C61FB /* AppDelegate.h */ = {isa = PBXFileReference; lastKnownFileType = sourcecode.c.h; path = AppDelegate.h; sourceTree = "<group>"; };
		005444C8188E2F2E006C61FB /* AppDelegate.m */ = {isa = PBXFileReference; lastKnownFileType = sourcecode.c.objc; path = AppDelegate.m; sourceTree = "<group>"; };
		005444CB188E2F2E006C61FB /* Base */ = {isa = PBXFileReference; lastKnownFileType = file.storyboard; name = Base; path = Base.lproj/Main.storyboard; sourceTree = "<group>"; };
		005444CD188E2F2E006C61FB /* ViewController.h */ = {isa = PBXFileReference; lastKnownFileType = sourcecode.c.h; path = ViewController.h; sourceTree = "<group>"; };
		005444CE188E2F2E006C61FB /* ViewController.m */ = {isa = PBXFileReference; lastKnownFileType = sourcecode.c.objc; path = ViewController.m; sourceTree = "<group>"; };
		005444D0188E2F2E006C61FB /* Images.xcassets */ = {isa = PBXFileReference; lastKnownFileType = folder.assetcatalog; path = Images.xcassets; sourceTree = "<group>"; };
		005444D6188E2F2E006C61FB /* 83pageTests.xctest */ = {isa = PBXFileReference; explicitFileType = wrapper.cfbundle; includeInIndex = 0; path = 83pageTests.xctest; sourceTree = BUILT_PRODUCTS_DIR; };
		005444D7188E2F2E006C61FB /* XCTest.framework */ = {isa = PBXFileReference; lastKnownFileType = wrapper.framework; name = XCTest.framework; path = Library/Frameworks/XCTest.framework; sourceTree = DEVELOPER_DIR; };
		005444DF188E2F2E006C61FB /* 83pageTests-Info.plist */ = {isa = PBXFileReference; lastKnownFileType = text.plist.xml; path = "83pageTests-Info.plist"; sourceTree = "<group>"; };
		005444E1188E2F2E006C61FB /* en */ = {isa = PBXFileReference; lastKnownFileType = text.plist.strings; name = en; path = en.lproj/InfoPlist.strings; sourceTree = "<group>"; };
		005444E3188E2F2F006C61FB /* _3pageTests.m */ = {isa = PBXFileReference; lastKnownFileType = sourcecode.c.objc; path = _3pageTests.m; sourceTree = "<group>"; };
/* End PBXFileReference section */

/* Begin PBXFrameworksBuildPhase section */
		005444B2188E2F2E006C61FB /* Frameworks */ = {
			isa = PBXFrameworksBuildPhase;
			buildActionMask = 2147483647;
			files = (
				005444BB188E2F2E006C61FB /* CoreGraphics.framework in Frameworks */,
				005444BD188E2F2E006C61FB /* UIKit.framework in Frameworks */,
				005444B9188E2F2E006C61FB /* Foundation.framework in Frameworks */,
			);
			runOnlyForDeploymentPostprocessing = 0;
		};
		005444D3188E2F2E006C61FB /* Frameworks */ = {
			isa = PBXFrameworksBuildPhase;
			buildActionMask = 2147483647;
			files = (
				005444D8188E2F2E006C61FB /* XCTest.framework in Frameworks */,
				005444DA188E2F2E006C61FB /* UIKit.framework in Frameworks */,
				005444D9188E2F2E006C61FB /* Foundation.framework in Frameworks */,
			);
			runOnlyForDeploymentPostprocessing = 0;
		};
/* End PBXFrameworksBuildPhase section */

/* Begin PBXGroup section */
		005444AC188E2F2E006C61FB = {
			isa = PBXGroup;
			children = (
				005444BE188E2F2E006C61FB /* 83page */,
				005444DD188E2F2E006C61FB /* 83pageTests */,
				005444B7188E2F2E006C61FB /* Frameworks */,
				005444B6188E2F2E006C61FB /* Products */,
			);
			sourceTree = "<group>";
		};
		005444B6188E2F2E006C61FB /* Products */ = {
			isa = PBXGroup;
			children = (
				005444B5188E2F2E006C61FB /* 83page.app */,
				005444D6188E2F2E006C61FB /* 83pageTests.xctest */,
			);
			name = Products;
			sourceTree = "<group>";
		};
		005444B7188E2F2E006C61FB /* Frameworks */ = {
			isa = PBXGroup;
			children = (
				005444B8188E2F2E006C61FB /* Foundation.framework */,
				005444BA188E2F2E006C61FB /* CoreGraphics.framework */,
				005444BC188E2F2E006C61FB /* UIKit.framework */,
				005444D7188E2F2E006C61FB /* XCTest.framework */,
			);
			name = Frameworks;
			sourceTree = "<group>";
		};
		005444BE188E2F2E006C61FB /* 83page */ = {
			isa = PBXGroup;
			children = (
				005444C7188E2F2E006C61FB /* AppDelegate.h */,
				005444C8188E2F2E006C61FB /* AppDelegate.m */,
				005444CA188E2F2E006C61FB /* Main.storyboard */,
				005444CD188E2F2E006C61FB /* ViewController.h */,
				005444CE188E2F2E006C61FB /* ViewController.m */,
				005444D0188E2F2E006C61FB /* Images.xcassets */,
				005444BF188E2F2E006C61FB /* Supporting Files */,
			);
			path = 83page;
			sourceTree = "<group>";
		};
		005444BF188E2F2E006C61FB /* Supporting Files */ = {
			isa = PBXGroup;
			children = (
				005444C0188E2F2E006C61FB /* 83page-Info.plist */,
				005444C1188E2F2E006C61FB /* InfoPlist.strings */,
				005444C4188E2F2E006C61FB /* main.m */,
				005444C6188E2F2E006C61FB /* 83page-Prefix.pch */,
			);
			name = "Supporting Files";
			sourceTree = "<group>";
		};
		005444DD188E2F2E006C61FB /* 83pageTests */ = {
			isa = PBXGroup;
			children = (
				005444E3188E2F2F006C61FB /* _3pageTests.m */,
				005444DE188E2F2E006C61FB /* Supporting Files */,
			);
			path = 83pageTests;
			sourceTree = "<group>";
		};
		005444DE188E2F2E006C61FB /* Supporting Files */ = {
			isa = PBXGroup;
			children = (
				005444DF188E2F2E006C61FB /* 83pageTests-Info.plist */,
				005444E0188E2F2E006C61FB /* InfoPlist.strings */,
			);
			name = "Supporting Files";
			sourceTree = "<group>";
		};
/* End PBXGroup section */

/* Begin PBXNativeTarget section */
		005444B4188E2F2E006C61FB /* 83page */ = {
			isa = PBXNativeTarget;
			buildConfigurationList = 005444E7188E2F2F006C61FB /* Build configuration list for PBXNativeTarget "83page" */;
			buildPhases = (
				005444B1188E2F2E006C61FB /* Sources */,
				005444B2188E2F2E006C61FB /* Frameworks */,
				005444B3188E2F2E006C61FB /* Resources */,
			);
			buildRules = (
			);
			dependencies = (
			);
			name = 83page;
			productName = 83page;
			productReference = 005444B5188E2F2E006C61FB /* 83page.app */;
			productType = "com.apple.product-type.application";
		};
		005444D5188E2F2E006C61FB /* 83pageTests */ = {
			isa = PBXNativeTarget;
			buildConfigurationList = 005444EA188E2F2F006C61FB /* Build configuration list for PBXNativeTarget "83pageTests" */;
			buildPhases = (
				005444D2188E2F2E006C61FB /* Sources */,
				005444D3188E2F2E006C61FB /* Frameworks */,
				005444D4188E2F2E006C61FB /* Resources */,
			);
			buildRules = (
			);
			dependencies = (
				005444DC188E2F2E006C61FB /* PBXTargetDependency */,
			);
			name = 83pageTests;
			productName = 83pageTests;
			productReference = 005444D6188E2F2E006C61FB /* 83pageTests.xctest */;
			productType = "com.apple.product-type.bundle.unit-test";
		};
/* End PBXNativeTarget section */

/* Begin PBXProject section */
		005444AD188E2F2E006C61FB /* Project object */ = {
			isa = PBXProject;
			attributes = {
				LastUpgradeCheck = 0500;
				ORGANIZATIONNAME = T;
				TargetAttributes = {
					005444D5188E2F2E006C61FB = {
						TestTargetID = 005444B4188E2F2E006C61FB;
					};
				};
			};
			buildConfigurationList = 005444B0188E2F2E006C61FB /* Build configuration list for PBXProject "83page" */;
			compatibilityVersion = "Xcode 3.2";
			developmentRegion = English;
			hasScannedForEncodings = 0;
			knownRegions = (
				en,
				Base,
			);
			mainGroup = 005444AC188E2F2E006C61FB;
			productRefGroup = 005444B6188E2F2E006C61FB /* Products */;
			projectDirPath = "";
			projectRoot = "";
			targets = (
				005444B4188E2F2E006C61FB /* 83page */,
				005444D5188E2F2E006C61FB /* 83pageTests */,
			);
		};
/* End PBXProject section */

/* Begin PBXResourcesBuildPhase section */
		005444B3188E2F2E006C61FB /* Resources */ = {
			isa = PBXResourcesBuildPhase;
			buildActionMask = 2147483647;
			files = (
				005444D1188E2F2E006C61FB /* Images.xcassets in Resources */,
				005444C3188E2F2E006C61FB /* InfoPlist.strings in Resources */,
				005444CC188E2F2E006C61FB /* Main.storyboard in Resources */,
			);
			runOnlyForDeploymentPostprocessing = 0;
		};
		005444D4188E2F2E006C61FB /* Resources */ = {
			isa = PBXResourcesBuildPhase;
			buildActionMask = 2147483647;
			files = (
				005444E2188E2F2E006C61FB /* InfoPlist.strings in Resources */,
			);
			runOnlyForDeploymentPostprocessing = 0;
		};
/* End PBXResourcesBuildPhase section */

/* Begin PBXSourcesBuildPhase section */
		005444B1188E2F2E006C61FB /* Sources */ = {
			isa = PBXSourcesBuildPhase;
			buildActionMask = 2147483647;
			files = (
				005444CF188E2F2E006C61FB /* ViewController.m in Sources */,
				005444C9188E2F2E006C61FB /* AppDelegate.m in Sources */,
				005444C5188E2F2E006C61FB /* main.m in Sources */,
			);
			runOnlyForDeploymentPostprocessing = 0;
		};
		005444D2188E2F2E006C61FB /* Sources */ = {
			isa = PBXSourcesBuildPhase;
			buildActionMask = 2147483647;
			files = (
				005444E4188E2F2F006C61FB /* _3pageTests.m in Sources */,
			);
			runOnlyForDeploymentPostprocessing = 0;
		};
/* End PBXSourcesBuildPhase section */

/* Begin PBXTargetDependency section */
		005444DC188E2F2E006C61FB /* PBXTargetDependency */ = {
			isa = PBXTargetDependency;
			target = 005444B4188E2F2E006C61FB /* 83page */;
			targetProxy = 005444DB188E2F2E006C61FB /* PBXContainerItemProxy */;
		};
/* End PBXTargetDependency section */

/* Begin PBXVariantGroup section */
		005444C1188E2F2E006C61FB /* InfoPlist.strings */ = {
			isa = PBXVariantGroup;
			children = (
				005444C2188E2F2E006C61FB /* en */,
			);
			name = InfoPlist.strings;
			sourceTree = "<group>";
		};
		005444CA188E2F2E006C61FB /* Main.storyboard */ = {
			isa = PBXVariantGroup;
			children = (
				005444CB188E2F2E006C61FB /* Base */,
			);
			name = Main.storyboard;
			sourceTree = "<group>";
		};
		005444E0188E2F2E006C61FB /* InfoPlist.strings */ = {
			isa = PBXVariantGroup;
			children = (
				005444E1188E2F2E006C61FB /* en */,
			);
			name = InfoPlist.strings;
			sourceTree = "<group>";
		};
/* End PBXVariantGroup section */

/* Begin XCBuildConfiguration section */
		005444E5188E2F2F006C61FB /* Debug */ = {
			isa = XCBuildConfiguration;
			buildSettings = {
				ALWAYS_SEARCH_USER_PATHS = NO;
				ARCHS = "$(ARCHS_STANDARD_INCLUDING_64_BIT)";
				CLANG_CXX_LANGUAGE_STANDARD = "gnu++0x";
				CLANG_CXX_LIBRARY = "libc++";
				CLANG_ENABLE_MODULES = YES;
				CLANG_ENABLE_OBJC_ARC = YES;
				CLANG_WARN_BOOL_CONVERSION = YES;
				CLANG_WARN_CONSTANT_CONVERSION = YES;
				CLANG_WARN_DIRECT_OBJC_ISA_USAGE = YES_ERROR;
				CLANG_WARN_EMPTY_BODY = YES;
				CLANG_WARN_ENUM_CONVERSION = YES;
				CLANG_WARN_INT_CONVERSION = YES;
				CLANG_WARN_OBJC_ROOT_CLASS = YES_ERROR;
				CLANG_WARN__DUPLICATE_METHOD_MATCH = YES;
				"CODE_SIGN_IDENTITY[sdk=iphoneos*]" = "iPhone Developer";
				COPY_PHASE_STRIP = NO;
				GCC_C_LANGUAGE_STANDARD = gnu99;
				GCC_DYNAMIC_NO_PIC = NO;
				GCC_OPTIMIZATION_LEVEL = 0;
				GCC_PREPROCESSOR_DEFINITIONS = (
					"DEBUG=1",
					"$(inherited)",
				);
				GCC_SYMBOLS_PRIVATE_EXTERN = NO;
				GCC_WARN_64_TO_32_BIT_CONVERSION = YES;
				GCC_WARN_ABOUT_RETURN_TYPE = YES_ERROR;
				GCC_WARN_UNDECLARED_SELECTOR = YES;
				GCC_WARN_UNINITIALIZED_AUTOS = YES;
				GCC_WARN_UNUSED_FUNCTION = YES;
				GCC_WARN_UNUSED_VARIABLE = YES;
				IPHONEOS_DEPLOYMENT_TARGET = 7.0;
				ONLY_ACTIVE_ARCH = YES;
				SDKROOT = iphoneos;
			};
			name = Debug;
		};
		005444E6188E2F2F006C61FB /* Release */ = {
			isa = XCBuildConfiguration;
			buildSettings = {
				ALWAYS_SEARCH_USER_PATHS = NO;
				ARCHS = "$(ARCHS_STANDARD_INCLUDING_64_BIT)";
				CLANG_CXX_LANGUAGE_STANDARD = "gnu++0x";
				CLANG_CXX_LIBRARY = "libc++";
				CLANG_ENABLE_MODULES = YES;
				CLANG_ENABLE_OBJC_ARC = YES;
				CLANG_WARN_BOOL_CONVERSION = YES;
				CLANG_WARN_CONSTANT_CONVERSION = YES;
				CLANG_WARN_DIRECT_OBJC_ISA_USAGE = YES_ERROR;
				CLANG_WARN_EMPTY_BODY = YES;
				CLANG_WARN_ENUM_CONVERSION = YES;
				CLANG_WARN_INT_CONVERSION = YES;
				CLANG_WARN_OBJC_ROOT_CLASS = YES_ERROR;
				CLANG_WARN__DUPLICATE_METHOD_MATCH = YES;
				"CODE_SIGN_IDENTITY[sdk=iphoneos*]" = "iPhone Developer";
				COPY_PHASE_STRIP = YES;
				ENABLE_NS_ASSERTIONS = NO;
				GCC_C_LANGUAGE_STANDARD = gnu99;
				GCC_WARN_64_TO_32_BIT_CONVERSION = YES;
				GCC_WARN_ABOUT_RETURN_TYPE = YES_ERROR;
				GCC_WARN_UNDECLARED_SELECTOR = YES;
				GCC_WARN_UNINITIALIZED_AUTOS = YES;
				GCC_WARN_UNUSED_FUNCTION = YES;
				GCC_WARN_UNUSED_VARIABLE = YES;
				IPHONEOS_DEPLOYMENT_TARGET = 7.0;
				SDKROOT = iphoneos;
				VALIDATE_PRODUCT = YES;
			};
			name = Release;
		};
		005444E8188E2F2F006C61FB /* Debug */ = {
			isa = XCBuildConfiguration;
			buildSettings = {
				ASSETCATALOG_COMPILER_APPICON_NAME = AppIcon;
				ASSETCATALOG_COMPILER_LAUNCHIMAGE_NAME = LaunchImage;
				GCC_PRECOMPILE_PREFIX_HEADER = YES;
				GCC_PREFIX_HEADER = "83page/83page-Prefix.pch";
				INFOPLIST_FILE = "83page/83page-Info.plist";
				PRODUCT_NAME = "$(TARGET_NAME)";
				WRAPPER_EXTENSION = app;
			};
			name = Debug;
		};
		005444E9188E2F2F006C61FB /* Release */ = {
			isa = XCBuildConfiguration;
			buildSettings = {
				ASSETCATALOG_COMPILER_APPICON_NAME = AppIcon;
				ASSETCATALOG_COMPILER_LAUNCHIMAGE_NAME = LaunchImage;
				GCC_PRECOMPILE_PREFIX_HEADER = YES;
				GCC_PREFIX_HEADER = "83page/83page-Prefix.pch";
				INFOPLIST_FILE = "83page/83page-Info.plist";
				PRODUCT_NAME = "$(TARGET_NAME)";
				WRAPPER_EXTENSION = app;
			};
			name = Release;
		};
		005444EB188E2F2F006C61FB /* Debug */ = {
			isa = XCBuildConfiguration;
			buildSettings = {
				ARCHS = "$(ARCHS_STANDARD_INCLUDING_64_BIT)";
				BUNDLE_LOADER = "$(BUILT_PRODUCTS_DIR)/83page.app/83page";
				FRAMEWORK_SEARCH_PATHS = (
					"$(SDKROOT)/Developer/Library/Frameworks",
					"$(inherited)",
					"$(DEVELOPER_FRAMEWORKS_DIR)",
				);
				GCC_PRECOMPILE_PREFIX_HEADER = YES;
				GCC_PREFIX_HEADER = "83page/83page-Prefix.pch";
				GCC_PREPROCESSOR_DEFINITIONS = (
					"DEBUG=1",
					"$(inherited)",
				);
				INFOPLIST_FILE = "83pageTests/83pageTests-Info.plist";
				PRODUCT_NAME = "$(TARGET_NAME)";
				TEST_HOST = "$(BUNDLE_LOADER)";
				WRAPPER_EXTENSION = xctest;
			};
			name = Debug;
		};
		005444EC188E2F2F006C61FB /* Release */ = {
			isa = XCBuildConfiguration;
			buildSettings = {
				ARCHS = "$(ARCHS_STANDARD_INCLUDING_64_BIT)";
				BUNDLE_LOADER = "$(BUILT_PRODUCTS_DIR)/83page.app/83page";
				FRAMEWORK_SEARCH_PATHS = (
					"$(SDKROOT)/Developer/Library/Frameworks",
					"$(inherited)",
					"$(DEVELOPER_FRAMEWORKS_DIR)",
				);
				GCC_PRECOMPILE_PREFIX_HEADER = YES;
				GCC_PREFIX_HEADER = "83page/83page-Prefix.pch";
				INFOPLIST_FILE = "83pageTests/83pageTests-Info.plist";
				PRODUCT_NAME = "$(TARGET_NAME)";
				TEST_HOST = "$(BUNDLE_LOADER)";
				WRAPPER_EXTENSION = xctest;
			};
			name = Release;
		};
/* End XCBuildConfiguration section */

/* Begin XCConfigurationList section */
		005444B0188E2F2E006C61FB /* Build configuration list for PBXProject "83page" */ = {
			isa = XCConfigurationList;
			buildConfigurations = (
				005444E5188E2F2F006C61FB /* Debug */,
				005444E6188E2F2F006C61FB /* Release */,
			);
			defaultConfigurationIsVisible = 0;
			defaultConfigurationName = Release;
		};
		005444E7188E2F2F006C61FB /* Build configuration list for PBXNativeTarget "83page" */ = {
			isa = XCConfigurationList;
			buildConfigurations = (
				005444E8188E2F2F006C61FB /* Debug */,
				005444E9188E2F2F006C61FB /* Release */,
			);
			defaultConfigurationIsVisible = 0;
		};
		005444EA188E2F2F006C61FB /* Build configuration list for PBXNativeTarget "83pageTests" */ = {
			isa = XCConfigurationList;
			buildConfigurations = (
				005444EB188E2F2F006C61FB /* Debug */,
				005444EC188E2F2F006C61FB /* Release */,
			);
			defaultConfigurationIsVisible = 0;
		};
/* End XCConfigurationList section */
	};
	rootObject = 005444AD188E2F2E006C61FB /* Project object */;
}
